
Microsoft Visual Studio Solution File, Format Version 12.00
# Visual Studio 15
VisualStudioVersion = 15.0.28010.2046
MinimumVisualStudioVersion = 10.0.40219.1
Project("{9A19103F-16F7-4668-BE54-9A1E7A4F7556}") = "Clean.Domain", "Clean.Domain\Clean.Domain.csproj", "{CCD74D43-6A1A-40B4-84DE-EBD04757A4FE}"
EndProject
Project("{9A19103F-16F7-4668-BE54-9A1E7A4F7556}") = "Clean.Application", "Clean.Application\Clean.Application.csproj", "{8502E581-62E6-4281-B254-D2113A5A2C38}"
EndProject
Project("{FAE04EC0-301F-11D3-BF4B-00C04F79EFBC}") = "Clean.WebUI", "Clean.WebUI\Clean.WebUI.csproj", "{626CF73D-21C8-4BD7-AD80-76C6AF6EF889}"
EndProject
Global
	GlobalSection(SolutionConfigurationPlatforms) = preSolution
		Debug|Any CPU = Debug|Any CPU
		Release|Any CPU = Release|Any CPU
	EndGlobalSection
	GlobalSection(ProjectConfigurationPlatforms) = postSolution
		{CCD74D43-6A1A-40B4-84DE-EBD04757A4FE}.Debug|Any CPU.ActiveCfg = Debug|Any CPU
		{CCD74D43-6A1A-40B4-84DE-EBD04757A4FE}.Debug|Any CPU.Build.0 = Debug|Any CPU
		{CCD74D43-6A1A-40B4-84DE-EBD04757A4FE}.Release|Any CPU.ActiveCfg = Release|Any CPU
		{CCD74D43-6A1A-40B4-84DE-EBD04757A4FE}.Release|Any CPU.Build.0 = Release|Any CPU
		{8502E581-62E6-4281-B254-D2113A5A2C38}.Debug|Any CPU.ActiveCfg = Debug|Any CPU
		{8502E581-62E6-4281-B254-D2113A5A2C38}.Debug|Any CPU.Build.0 = Debug|Any CPU
		{8502E581-62E6-4281-B254-D2113A5A2C38}.Release|Any CPU.ActiveCfg = Release|Any CPU
		{8502E581-62E6-4281-B254-D2113A5A2C38}.Release|Any CPU.Build.0 = Release|Any CPU
		{626CF73D-21C8-4BD7-AD80-76C6AF6EF889}.Debug|Any CPU.ActiveCfg = Debug|Any CPU
		{626CF73D-21C8-4BD7-AD80-76C6AF6EF889}.Debug|Any CPU.Build.0 = Debug|Any CPU
		{626CF73D-21C8-4BD7-AD80-76C6AF6EF889}.Release|Any CPU.ActiveCfg = Release|Any CPU
		{626CF73D-21C8-4BD7-AD80-76C6AF6EF889}.Release|Any CPU.Build.0 = Release|Any CPU
	EndGlobalSection
	GlobalSection(SolutionProperties) = preSolution
		HideSolutionNode = FALSE
	EndGlobalSection
	GlobalSection(ExtensibilityGlobals) = postSolution
		SolutionGuid = {589EC034-80A9-44D4-8FCD-A20D960F208D}
	EndGlobalSection
EndGlobal
